
Microsoft Visual Studio Solution File, Format Version 12.00
Project("{FAE04EC0-301F-11D3-BF4B-00C04F79EFBC}") = "Rab1", "Rab1.csproj", "{CCE11F61-29FD-4F1E-A81B-4D2D301D60D8}"
EndProject
Global
	GlobalSection(SolutionConfigurationPlatforms) = preSolution
		Debug|Any CPU = Debug|Any CPU
		Release|Any CPU = Release|Any CPU
	EndGlobalSection
	GlobalSection(ProjectConfigurationPlatforms) = postSolution
		{CCE11F61-29FD-4F1E-A81B-4D2D301D60D8}.Debug|Any CPU.ActiveCfg = Debug|Any CPU
		{CCE11F61-29FD-4F1E-A81B-4D2D301D60D8}.Debug|Any CPU.Build.0 = Debug|Any CPU
		{CCE11F61-29FD-4F1E-A81B-4D2D301D60D8}.Release|Any CPU.ActiveCfg = Release|Any CPU
		{CCE11F61-29FD-4F1E-A81B-4D2D301D60D8}.Release|Any CPU.Build.0 = Release|Any CPU
	EndGlobalSection
EndGlobal
